
Microsoft Visual Studio Solution File, Format Version 12.00
# Visual Studio Version 16
VisualStudioVersion = 16.0.30330.147
MinimumVisualStudioVersion = 10.0.40219.1
Project("{FAE04EC0-301F-11D3-BF4B-00C04F79EFBC}") = "Bibliory", "Bibliory\Bibliory.csproj", "{0A5F78CD-BB64-48BD-86A4-C6316E8C0744}"
EndProject
Global
	GlobalSection(SolutionConfigurationPlatforms) = preSolution
		Debug|Any CPU = Debug|Any CPU
		Release|Any CPU = Release|Any CPU
	EndGlobalSection
	GlobalSection(ProjectConfigurationPlatforms) = postSolution
		{0A5F78CD-BB64-48BD-86A4-C6316E8C0744}.Debug|Any CPU.ActiveCfg = Debug|Any CPU
		{0A5F78CD-BB64-48BD-86A4-C6316E8C0744}.Debug|Any CPU.Build.0 = Debug|Any CPU
		{0A5F78CD-BB64-48BD-86A4-C6316E8C0744}.Release|Any CPU.ActiveCfg = Release|Any CPU
		{0A5F78CD-BB64-48BD-86A4-C6316E8C0744}.Release|Any CPU.Build.0 = Release|Any CPU
	EndGlobalSection
	GlobalSection(SolutionProperties) = preSolution
		HideSolutionNode = FALSE
	EndGlobalSection
	GlobalSection(ExtensibilityGlobals) = postSolution
		SolutionGuid = {55D1848F-6116-4F36-93BD-703179517FCD}
	EndGlobalSection
EndGlobal
